// !$*UTF8*$!
{
	archiveVersion = 1;
	classes = {
	};
	objectVersion = 46;
	objects = {

/* Begin PBXBuildFile section */
		36070F9019F7695200E5B0CD /* ScriptingBridge.framework in Frameworks */ = {isa = PBXBuildFile; fileRef = 36070F8F19F7695200E5B0CD /* ScriptingBridge.framework */; };
		36491D3619F6F3330083A49D /* AppDelegate.swift in Sources */ = {isa = PBXBuildFile; fileRef = 36491D3519F6F3330083A49D /* AppDelegate.swift */; };
		36491D3819F6F3330083A49D /* Images.xcassets in Resources */ = {isa = PBXBuildFile; fileRef = 36491D3719F6F3330083A49D /* Images.xcassets */; };
		36491D3B19F6F3330083A49D /* MainMenu.xib in Resources */ = {isa = PBXBuildFile; fileRef = 36491D3919F6F3330083A49D /* MainMenu.xib */; };
		D0050CB51E6388CA000B2DAF /* SettingsWindow.swift in Sources */ = {isa = PBXBuildFile; fileRef = D0050CB31E6388CA000B2DAF /* SettingsWindow.swift */; };
		D0050CB61E6388CA000B2DAF /* SettingsWindow.xib in Resources */ = {isa = PBXBuildFile; fileRef = D0050CB41E6388CA000B2DAF /* SettingsWindow.xib */; };
		D00646701E5FCFDB00354D07 /* MediaController.swift in Sources */ = {isa = PBXBuildFile; fileRef = D006466F1E5FCFDB00354D07 /* MediaController.swift */; };
		D02B82ED1FA969D600DC368D /* SongBarTests.swift in Sources */ = {isa = PBXBuildFile; fileRef = D02B82EC1FA969D600DC368D /* SongBarTests.swift */; };
		D02B82F41FA96AEC00DC368D /* MediaController.swift in Sources */ = {isa = PBXBuildFile; fileRef = D006466F1E5FCFDB00354D07 /* MediaController.swift */; };
		D02B82F51FA96BA600DC368D /* Constants.swift in Sources */ = {isa = PBXBuildFile; fileRef = D0C80D731E610FA800DCF192 /* Constants.swift */; };
		D02B82F91FA9810600DC368D /* Player.swift in Sources */ = {isa = PBXBuildFile; fileRef = D02B82F81FA9810600DC368D /* Player.swift */; };
		D0502ACC1B757770009A90BF /* StoreSearch.swift in Sources */ = {isa = PBXBuildFile; fileRef = D0502ACB1B757770009A90BF /* StoreSearch.swift */; };
		D06F05761E62A9E40085800C /* MusicView.xib in Resources */ = {isa = PBXBuildFile; fileRef = D06F05751E62A9E40085800C /* MusicView.xib */; };
		D06F057A1E62B1CE0085800C /* StatusItem + SongBar.swift in Sources */ = {isa = PBXBuildFile; fileRef = D06F05791E62B1CE0085800C /* StatusItem + SongBar.swift */; };
		D0726E301E624098003A5920 /* MusicView.swift in Sources */ = {isa = PBXBuildFile; fileRef = D0726E2F1E624098003A5920 /* MusicView.swift */; };
		D0726E321E624743003A5920 /* ViewMenuItem.swift in Sources */ = {isa = PBXBuildFile; fileRef = D0726E311E624743003A5920 /* ViewMenuItem.swift */; };
		D0C80D741E610FA800DCF192 /* Constants.swift in Sources */ = {isa = PBXBuildFile; fileRef = D0C80D731E610FA800DCF192 /* Constants.swift */; };
/* End PBXBuildFile section */

/* Begin PBXContainerItemProxy section */
		D02B82EF1FA969D600DC368D /* PBXContainerItemProxy */ = {
			isa = PBXContainerItemProxy;
			containerPortal = 36491D2819F6F3330083A49D /* Project object */;
			proxyType = 1;
			remoteGlobalIDString = 36491D2F19F6F3330083A49D;
			remoteInfo = SongBar;
		};
/* End PBXContainerItemProxy section */

/* Begin PBXFileReference section */
		36070F8F19F7695200E5B0CD /* ScriptingBridge.framework */ = {isa = PBXFileReference; lastKnownFileType = wrapper.framework; name = ScriptingBridge.framework; path = System/Library/Frameworks/ScriptingBridge.framework; sourceTree = SDKROOT; };
		36070F9319F7761200E5B0CD /* SongBar-Bridging-Header.h */ = {isa = PBXFileReference; fileEncoding = 4; lastKnownFileType = sourcecode.c.h; path = "SongBar-Bridging-Header.h"; sourceTree = "<group>"; };
		36491D3019F6F3330083A49D /* SongBar.app */ = {isa = PBXFileReference; explicitFileType = wrapper.application; includeInIndex = 0; path = SongBar.app; sourceTree = BUILT_PRODUCTS_DIR; };
		36491D3419F6F3330083A49D /* Info.plist */ = {isa = PBXFileReference; lastKnownFileType = text.plist.xml; path = Info.plist; sourceTree = "<group>"; };
		36491D3519F6F3330083A49D /* AppDelegate.swift */ = {isa = PBXFileReference; lastKnownFileType = sourcecode.swift; path = AppDelegate.swift; sourceTree = "<group>"; };
		36491D3719F6F3330083A49D /* Images.xcassets */ = {isa = PBXFileReference; lastKnownFileType = folder.assetcatalog; path = Images.xcassets; sourceTree = "<group>"; };
		36491D3A19F6F3330083A49D /* Base */ = {isa = PBXFileReference; lastKnownFileType = file.xib; name = Base; path = Base.lproj/MainMenu.xib; sourceTree = "<group>"; };
		36491D4519F6F3330083A49D /* Info.plist */ = {isa = PBXFileReference; lastKnownFileType = text.plist.xml; path = Info.plist; sourceTree = "<group>"; };
		36491D4619F6F3330083A49D /* SongBarTests.swift */ = {isa = PBXFileReference; lastKnownFileType = sourcecode.swift; path = SongBarTests.swift; sourceTree = "<group>"; };
		D0050CB31E6388CA000B2DAF /* SettingsWindow.swift */ = {isa = PBXFileReference; fileEncoding = 4; lastKnownFileType = sourcecode.swift; path = SettingsWindow.swift; sourceTree = "<group>"; };
		D0050CB41E6388CA000B2DAF /* SettingsWindow.xib */ = {isa = PBXFileReference; fileEncoding = 4; lastKnownFileType = file.xib; path = SettingsWindow.xib; sourceTree = "<group>"; };
		D006466F1E5FCFDB00354D07 /* MediaController.swift */ = {isa = PBXFileReference; fileEncoding = 4; lastKnownFileType = sourcecode.swift; path = MediaController.swift; sourceTree = "<group>"; };
		D02B82EA1FA969D600DC368D /* SongBarTests.xctest */ = {isa = PBXFileReference; explicitFileType = wrapper.cfbundle; includeInIndex = 0; path = SongBarTests.xctest; sourceTree = BUILT_PRODUCTS_DIR; };
		D02B82EC1FA969D600DC368D /* SongBarTests.swift */ = {isa = PBXFileReference; lastKnownFileType = sourcecode.swift; path = SongBarTests.swift; sourceTree = "<group>"; };
		D02B82EE1FA969D600DC368D /* Info.plist */ = {isa = PBXFileReference; lastKnownFileType = text.plist.xml; path = Info.plist; sourceTree = "<group>"; };
		D02B82F81FA9810600DC368D /* Player.swift */ = {isa = PBXFileReference; lastKnownFileType = sourcecode.swift; path = Player.swift; sourceTree = "<group>"; };
		D0502ACB1B757770009A90BF /* StoreSearch.swift */ = {isa = PBXFileReference; fileEncoding = 4; lastKnownFileType = sourcecode.swift; path = StoreSearch.swift; sourceTree = "<group>"; };
		D06F05751E62A9E40085800C /* MusicView.xib */ = {isa = PBXFileReference; fileEncoding = 4; lastKnownFileType = file.xib; path = MusicView.xib; sourceTree = "<group>"; };
		D06F05791E62B1CE0085800C /* StatusItem + SongBar.swift */ = {isa = PBXFileReference; fileEncoding = 4; lastKnownFileType = sourcecode.swift; path = "StatusItem + SongBar.swift"; sourceTree = "<group>"; };
		D0726E2F1E624098003A5920 /* MusicView.swift */ = {isa = PBXFileReference; fileEncoding = 4; lastKnownFileType = sourcecode.swift; path = MusicView.swift; sourceTree = "<group>"; };
		D0726E311E624743003A5920 /* ViewMenuItem.swift */ = {isa = PBXFileReference; fileEncoding = 4; lastKnownFileType = sourcecode.swift; path = ViewMenuItem.swift; sourceTree = "<group>"; };
		D0BEEFC11E5FBB990074EB25 /* Spotify.h */ = {isa = PBXFileReference; fileEncoding = 4; lastKnownFileType = sourcecode.c.h; path = Spotify.h; sourceTree = "<group>"; };
		D0BEEFC21E5FBBB50074EB25 /* iTunes.h */ = {isa = PBXFileReference; fileEncoding = 4; lastKnownFileType = sourcecode.c.h; path = iTunes.h; sourceTree = "<group>"; };
		D0C80D731E610FA800DCF192 /* Constants.swift */ = {isa = PBXFileReference; fileEncoding = 4; lastKnownFileType = sourcecode.swift; path = Constants.swift; sourceTree = "<group>"; };
		D0C8E6B41B3E1F3B00E200A5 /* SongBar.entitlements */ = {isa = PBXFileReference; lastKnownFileType = text.xml; path = SongBar.entitlements; sourceTree = "<group>"; };
/* End PBXFileReference section */

/* Begin PBXFrameworksBuildPhase section */
		36491D2D19F6F3330083A49D /* Frameworks */ = {
			isa = PBXFrameworksBuildPhase;
			buildActionMask = 2147483647;
			files = (
				36070F9019F7695200E5B0CD /* ScriptingBridge.framework in Frameworks */,
			);
			runOnlyForDeploymentPostprocessing = 0;
		};
		D02B82E71FA969D600DC368D /* Frameworks */ = {
			isa = PBXFrameworksBuildPhase;
			buildActionMask = 2147483647;
			files = (
			);
			runOnlyForDeploymentPostprocessing = 0;
		};
/* End PBXFrameworksBuildPhase section */

/* Begin PBXGroup section */
		36491D2719F6F3330083A49D = {
			isa = PBXGroup;
			children = (
				D02B82F81FA9810600DC368D /* Player.swift */,
				36070F8F19F7695200E5B0CD /* ScriptingBridge.framework */,
				36491D3219F6F3330083A49D /* SongBar */,
				36491D4319F6F3330083A49D /* SongBarTests */,
				D02B82EB1FA969D600DC368D /* SongBarTests */,
				36491D3119F6F3330083A49D /* Products */,
				E6B49CA74133F3CF05D6312F /* Frameworks */,
			);
			sourceTree = "<group>";
		};
		36491D3119F6F3330083A49D /* Products */ = {
			isa = PBXGroup;
			children = (
				36491D3019F6F3330083A49D /* SongBar.app */,
				D02B82EA1FA969D600DC368D /* SongBarTests.xctest */,
			);
			name = Products;
			sourceTree = "<group>";
		};
		36491D3219F6F3330083A49D /* SongBar */ = {
			isa = PBXGroup;
			children = (
				D0C80D721E60FF6500DCF192 /* Headers */,
				D0726E271E62373A003A5920 /* Controllers */,
				D0726E281E623D8A003A5920 /* Views */,
				D0C8E6B41B3E1F3B00E200A5 /* SongBar.entitlements */,
				36491D3519F6F3330083A49D /* AppDelegate.swift */,
				36491D3719F6F3330083A49D /* Images.xcassets */,
				D0C80D731E610FA800DCF192 /* Constants.swift */,
				36491D3919F6F3330083A49D /* MainMenu.xib */,
				36491D3319F6F3330083A49D /* Supporting Files */,
			);
			path = SongBar;
			sourceTree = "<group>";
		};
		36491D3319F6F3330083A49D /* Supporting Files */ = {
			isa = PBXGroup;
			children = (
				36491D3419F6F3330083A49D /* Info.plist */,
			);
			name = "Supporting Files";
			sourceTree = "<group>";
		};
		36491D4319F6F3330083A49D /* SongBarTests */ = {
			isa = PBXGroup;
			children = (
				36491D4619F6F3330083A49D /* SongBarTests.swift */,
				36491D4419F6F3330083A49D /* Supporting Files */,
			);
			path = SongBarTests;
			sourceTree = "<group>";
		};
		36491D4419F6F3330083A49D /* Supporting Files */ = {
			isa = PBXGroup;
			children = (
				36491D4519F6F3330083A49D /* Info.plist */,
			);
			name = "Supporting Files";
			sourceTree = "<group>";
		};
		D02B82EB1FA969D600DC368D /* SongBarTests */ = {
			isa = PBXGroup;
			children = (
				D02B82EC1FA969D600DC368D /* SongBarTests.swift */,
				D02B82EE1FA969D600DC368D /* Info.plist */,
			);
			path = SongBarTests;
			sourceTree = "<group>";
		};
		D0726E271E62373A003A5920 /* Controllers */ = {
			isa = PBXGroup;
			children = (
				D0502ACB1B757770009A90BF /* StoreSearch.swift */,
				D006466F1E5FCFDB00354D07 /* MediaController.swift */,
				D06F05791E62B1CE0085800C /* StatusItem + SongBar.swift */,
			);
			name = Controllers;
			sourceTree = "<group>";
		};
		D0726E281E623D8A003A5920 /* Views */ = {
			isa = PBXGroup;
			children = (
				D0726E2F1E624098003A5920 /* MusicView.swift */,
				D06F05751E62A9E40085800C /* MusicView.xib */,
				D0726E311E624743003A5920 /* ViewMenuItem.swift */,
				D0050CB31E6388CA000B2DAF /* SettingsWindow.swift */,
				D0050CB41E6388CA000B2DAF /* SettingsWindow.xib */,
			);
			name = Views;
			sourceTree = "<group>";
		};
		D0C80D721E60FF6500DCF192 /* Headers */ = {
			isa = PBXGroup;
			children = (
				36070F9319F7761200E5B0CD /* SongBar-Bridging-Header.h */,
				D0BEEFC11E5FBB990074EB25 /* Spotify.h */,
				D0BEEFC21E5FBBB50074EB25 /* iTunes.h */,
			);
			name = Headers;
			sourceTree = "<group>";
		};
		E6B49CA74133F3CF05D6312F /* Frameworks */ = {
			isa = PBXGroup;
			children = (
			);
			name = Frameworks;
			sourceTree = "<group>";
		};
/* End PBXGroup section */

/* Begin PBXNativeTarget section */
		36491D2F19F6F3330083A49D /* SongBar */ = {
			isa = PBXNativeTarget;
			buildConfigurationList = 36491D4A19F6F3330083A49D /* Build configuration list for PBXNativeTarget "SongBar" */;
			buildPhases = (
				36491D2C19F6F3330083A49D /* Sources */,
				36491D2D19F6F3330083A49D /* Frameworks */,
				36491D2E19F6F3330083A49D /* Resources */,
			);
			buildRules = (
			);
			dependencies = (
			);
			name = SongBar;
			productName = SongBar;
			productReference = 36491D3019F6F3330083A49D /* SongBar.app */;
			productType = "com.apple.product-type.application";
		};
		D02B82E91FA969D600DC368D /* SongBarTests */ = {
			isa = PBXNativeTarget;
			buildConfigurationList = D02B82F11FA969D600DC368D /* Build configuration list for PBXNativeTarget "SongBarTests" */;
			buildPhases = (
				D02B82E61FA969D600DC368D /* Sources */,
				D02B82E71FA969D600DC368D /* Frameworks */,
				D02B82E81FA969D600DC368D /* Resources */,
			);
			buildRules = (
			);
			dependencies = (
				D02B82F01FA969D600DC368D /* PBXTargetDependency */,
			);
			name = SongBarTests;
			productName = SongBarTests;
			productReference = D02B82EA1FA969D600DC368D /* SongBarTests.xctest */;
			productType = "com.apple.product-type.bundle.unit-test";
		};
/* End PBXNativeTarget section */

/* Begin PBXProject section */
		36491D2819F6F3330083A49D /* Project object */ = {
			isa = PBXProject;
			attributes = {
				LastSwiftUpdateCheck = 0900;
				LastUpgradeCheck = 0900;
				ORGANIZATIONNAME = corpe;
				TargetAttributes = {
					36491D2F19F6F3330083A49D = {
						CreatedOnToolsVersion = 6.1;
						DevelopmentTeam = 26VT895967;
						LastSwiftMigration = 0900;
						ProvisioningStyle = Automatic;
						SystemCapabilities = {
							com.apple.Sandbox = {
								enabled = 1;
							};
						};
					};
					D02B82E91FA969D600DC368D = {
						CreatedOnToolsVersion = 9.0;
						DevelopmentTeam = 26VT895967;
						ProvisioningStyle = Automatic;
						TestTargetID = 36491D2F19F6F3330083A49D;
					};
				};
			};
			buildConfigurationList = 36491D2B19F6F3330083A49D /* Build configuration list for PBXProject "SongBar" */;
			compatibilityVersion = "Xcode 3.2";
			developmentRegion = English;
			hasScannedForEncodings = 0;
			knownRegions = (
				en,
				Base,
			);
			mainGroup = 36491D2719F6F3330083A49D;
			productRefGroup = 36491D3119F6F3330083A49D /* Products */;
			projectDirPath = "";
			projectRoot = "";
			targets = (
				36491D2F19F6F3330083A49D /* SongBar */,
				D02B82E91FA969D600DC368D /* SongBarTests */,
			);
		};
/* End PBXProject section */

/* Begin PBXResourcesBuildPhase section */
		36491D2E19F6F3330083A49D /* Resources */ = {
			isa = PBXResourcesBuildPhase;
			buildActionMask = 2147483647;
			files = (
				D0050CB61E6388CA000B2DAF /* SettingsWindow.xib in Resources */,
				36491D3819F6F3330083A49D /* Images.xcassets in Resources */,
				36491D3B19F6F3330083A49D /* MainMenu.xib in Resources */,
				D06F05761E62A9E40085800C /* MusicView.xib in Resources */,
			);
			runOnlyForDeploymentPostprocessing = 0;
		};
		D02B82E81FA969D600DC368D /* Resources */ = {
			isa = PBXResourcesBuildPhase;
			buildActionMask = 2147483647;
			files = (
			);
			runOnlyForDeploymentPostprocessing = 0;
		};
/* End PBXResourcesBuildPhase section */

/* Begin PBXSourcesBuildPhase section */
		36491D2C19F6F3330083A49D /* Sources */ = {
			isa = PBXSourcesBuildPhase;
			buildActionMask = 2147483647;
			files = (
				D0050CB51E6388CA000B2DAF /* SettingsWindow.swift in Sources */,
				D00646701E5FCFDB00354D07 /* MediaController.swift in Sources */,
				36491D3619F6F3330083A49D /* AppDelegate.swift in Sources */,
				D0726E301E624098003A5920 /* MusicView.swift in Sources */,
				D0502ACC1B757770009A90BF /* StoreSearch.swift in Sources */,
				D06F057A1E62B1CE0085800C /* StatusItem + SongBar.swift in Sources */,
				D0726E321E624743003A5920 /* ViewMenuItem.swift in Sources */,
				D02B82F91FA9810600DC368D /* Player.swift in Sources */,
				D0C80D741E610FA800DCF192 /* Constants.swift in Sources */,
			);
			runOnlyForDeploymentPostprocessing = 0;
		};
		D02B82E61FA969D600DC368D /* Sources */ = {
			isa = PBXSourcesBuildPhase;
			buildActionMask = 2147483647;
			files = (
				D02B82F51FA96BA600DC368D /* Constants.swift in Sources */,
				D02B82F41FA96AEC00DC368D /* MediaController.swift in Sources */,
				D02B82ED1FA969D600DC368D /* SongBarTests.swift in Sources */,
			);
			runOnlyForDeploymentPostprocessing = 0;
		};
/* End PBXSourcesBuildPhase section */

/* Begin PBXTargetDependency section */
		D02B82F01FA969D600DC368D /* PBXTargetDependency */ = {
			isa = PBXTargetDependency;
			target = 36491D2F19F6F3330083A49D /* SongBar */;
			targetProxy = D02B82EF1FA969D600DC368D /* PBXContainerItemProxy */;
		};
/* End PBXTargetDependency section */

/* Begin PBXVariantGroup section */
		36491D3919F6F3330083A49D /* MainMenu.xib */ = {
			isa = PBXVariantGroup;
			children = (
				36491D3A19F6F3330083A49D /* Base */,
			);
			name = MainMenu.xib;
			sourceTree = "<group>";
		};
/* End PBXVariantGroup section */

/* Begin XCBuildConfiguration section */
		36491D4819F6F3330083A49D /* Debug */ = {
			isa = XCBuildConfiguration;
			buildSettings = {
				ALWAYS_SEARCH_USER_PATHS = NO;
				CLANG_CXX_LANGUAGE_STANDARD = "gnu++0x";
				CLANG_CXX_LIBRARY = "libc++";
				CLANG_ENABLE_MODULES = YES;
				CLANG_ENABLE_OBJC_ARC = YES;
				CLANG_WARN_BLOCK_CAPTURE_AUTORELEASING = YES;
				CLANG_WARN_BOOL_CONVERSION = YES;
				CLANG_WARN_COMMA = YES;
				CLANG_WARN_CONSTANT_CONVERSION = YES;
				CLANG_WARN_DIRECT_OBJC_ISA_USAGE = YES_ERROR;
				CLANG_WARN_EMPTY_BODY = YES;
				CLANG_WARN_ENUM_CONVERSION = YES;
				CLANG_WARN_INFINITE_RECURSION = YES;
				CLANG_WARN_INT_CONVERSION = YES;
				CLANG_WARN_NON_LITERAL_NULL_CONVERSION = YES;
				CLANG_WARN_OBJC_LITERAL_CONVERSION = YES;
				CLANG_WARN_OBJC_ROOT_CLASS = YES_ERROR;
				CLANG_WARN_RANGE_LOOP_ANALYSIS = YES;
				CLANG_WARN_STRICT_PROTOTYPES = YES;
				CLANG_WARN_SUSPICIOUS_MOVE = YES;
				CLANG_WARN_UNREACHABLE_CODE = YES;
				CLANG_WARN__DUPLICATE_METHOD_MATCH = YES;
				CODE_SIGN_IDENTITY = "-";
				COPY_PHASE_STRIP = NO;
				ENABLE_STRICT_OBJC_MSGSEND = YES;
				ENABLE_TESTABILITY = YES;
				GCC_C_LANGUAGE_STANDARD = gnu99;
				GCC_DYNAMIC_NO_PIC = NO;
				GCC_NO_COMMON_BLOCKS = YES;
				GCC_OPTIMIZATION_LEVEL = 0;
				GCC_PREPROCESSOR_DEFINITIONS = (
					"DEBUG=1",
					"$(inherited)",
				);
				GCC_SYMBOLS_PRIVATE_EXTERN = NO;
				GCC_WARN_64_TO_32_BIT_CONVERSION = YES;
				GCC_WARN_ABOUT_RETURN_TYPE = YES_ERROR;
				GCC_WARN_UNDECLARED_SELECTOR = YES;
				GCC_WARN_UNINITIALIZED_AUTOS = YES_AGGRESSIVE;
				GCC_WARN_UNUSED_FUNCTION = YES;
				GCC_WARN_UNUSED_VARIABLE = YES;
				MACOSX_DEPLOYMENT_TARGET = 10.10;
				MTL_ENABLE_DEBUG_INFO = YES;
				ONLY_ACTIVE_ARCH = YES;
				SDKROOT = macosx;
				SWIFT_OPTIMIZATION_LEVEL = "-Onone";
			};
			name = Debug;
		};
		36491D4919F6F3330083A49D /* Release */ = {
			isa = XCBuildConfiguration;
			buildSettings = {
				ALWAYS_SEARCH_USER_PATHS = NO;
				CLANG_CXX_LANGUAGE_STANDARD = "gnu++0x";
				CLANG_CXX_LIBRARY = "libc++";
				CLANG_ENABLE_MODULES = YES;
				CLANG_ENABLE_OBJC_ARC = YES;
				CLANG_WARN_BLOCK_CAPTURE_AUTORELEASING = YES;
				CLANG_WARN_BOOL_CONVERSION = YES;
				CLANG_WARN_COMMA = YES;
				CLANG_WARN_CONSTANT_CONVERSION = YES;
				CLANG_WARN_DIRECT_OBJC_ISA_USAGE = YES_ERROR;
				CLANG_WARN_EMPTY_BODY = YES;
				CLANG_WARN_ENUM_CONVERSION = YES;
				CLANG_WARN_INFINITE_RECURSION = YES;
				CLANG_WARN_INT_CONVERSION = YES;
				CLANG_WARN_NON_LITERAL_NULL_CONVERSION = YES;
				CLANG_WARN_OBJC_LITERAL_CONVERSION = YES;
				CLANG_WARN_OBJC_ROOT_CLASS = YES_ERROR;
				CLANG_WARN_RANGE_LOOP_ANALYSIS = YES;
				CLANG_WARN_STRICT_PROTOTYPES = YES;
				CLANG_WARN_SUSPICIOUS_MOVE = YES;
				CLANG_WARN_UNREACHABLE_CODE = YES;
				CLANG_WARN__DUPLICATE_METHOD_MATCH = YES;
				CODE_SIGN_IDENTITY = "-";
				COPY_PHASE_STRIP = YES;
				DEBUG_INFORMATION_FORMAT = "dwarf-with-dsym";
				ENABLE_NS_ASSERTIONS = NO;
				ENABLE_STRICT_OBJC_MSGSEND = YES;
				GCC_C_LANGUAGE_STANDARD = gnu99;
				GCC_NO_COMMON_BLOCKS = YES;
				GCC_WARN_64_TO_32_BIT_CONVERSION = YES;
				GCC_WARN_ABOUT_RETURN_TYPE = YES_ERROR;
				GCC_WARN_UNDECLARED_SELECTOR = YES;
				GCC_WARN_UNINITIALIZED_AUTOS = YES_AGGRESSIVE;
				GCC_WARN_UNUSED_FUNCTION = YES;
				GCC_WARN_UNUSED_VARIABLE = YES;
				MACOSX_DEPLOYMENT_TARGET = 10.10;
				MTL_ENABLE_DEBUG_INFO = NO;
				SDKROOT = macosx;
				SWIFT_OPTIMIZATION_LEVEL = "-Owholemodule";
			};
			name = Release;
		};
		36491D4B19F6F3330083A49D /* Debug */ = {
			isa = XCBuildConfiguration;
			buildSettings = {
				ASSETCATALOG_COMPILER_APPICON_NAME = AppIcon;
				CODE_SIGN_ENTITLEMENTS = SongBar/SongBar.entitlements;
				CODE_SIGN_IDENTITY = "Mac Developer";
				CODE_SIGN_STYLE = Automatic;
				COMBINE_HIDPI_IMAGES = YES;
				DEFINES_MODULE = NO;
				DEVELOPMENT_TEAM = 26VT895967;
				INFOPLIST_FILE = SongBar/Info.plist;
				KEEP_PRIVATE_EXTERNS = NO;
				LD_RUNPATH_SEARCH_PATHS = "@executable_path/../Frameworks $(inherited)";
				MACOSX_DEPLOYMENT_TARGET = 10.10;
				OTHER_LDFLAGS = "$(inherited)";
				PRODUCT_BUNDLE_IDENTIFIER = "com.oklasoft.$(PRODUCT_NAME:rfc1034identifier)";
				PRODUCT_NAME = "$(TARGET_NAME)";
				PROVISIONING_PROFILE_SPECIFIER = "";
				STRIP_INSTALLED_PRODUCT = YES;
				SWIFT_OBJC_BRIDGING_HEADER = "SongBar/SongBar-Bridging-Header.h";
				SWIFT_SWIFT3_OBJC_INFERENCE = On;
				SWIFT_VERSION = 4.0;
			};
			name = Debug;
		};
		36491D4C19F6F3330083A49D /* Release */ = {
			isa = XCBuildConfiguration;
			buildSettings = {
				ASSETCATALOG_COMPILER_APPICON_NAME = AppIcon;
				CODE_SIGN_ENTITLEMENTS = SongBar/SongBar.entitlements;
				CODE_SIGN_IDENTITY = "Mac Developer";
				CODE_SIGN_STYLE = Automatic;
				COMBINE_HIDPI_IMAGES = YES;
				DEFINES_MODULE = NO;
				DEVELOPMENT_TEAM = 26VT895967;
				INFOPLIST_FILE = SongBar/Info.plist;
				KEEP_PRIVATE_EXTERNS = NO;
				LD_RUNPATH_SEARCH_PATHS = "@executable_path/../Frameworks $(inherited)";
				MACOSX_DEPLOYMENT_TARGET = 10.10;
				OTHER_LDFLAGS = "$(inherited)";
				PRODUCT_BUNDLE_IDENTIFIER = "com.oklasoft.$(PRODUCT_NAME:rfc1034identifier)";
				PRODUCT_NAME = "$(TARGET_NAME)";
				PROVISIONING_PROFILE_SPECIFIER = "";
				STRIP_INSTALLED_PRODUCT = YES;
				SWIFT_OBJC_BRIDGING_HEADER = "SongBar/SongBar-Bridging-Header.h";
				SWIFT_SWIFT3_OBJC_INFERENCE = On;
				SWIFT_VERSION = 4.0;
			};
			name = Release;
		};
		D02B82F21FA969D600DC368D /* Debug */ = {
			isa = XCBuildConfiguration;
			buildSettings = {
				BUNDLE_LOADER = "$(TEST_HOST)";
				CLANG_ANALYZER_NONNULL = YES;
				CLANG_ANALYZER_NUMBER_OBJECT_CONVERSION = YES_AGGRESSIVE;
				CLANG_CXX_LANGUAGE_STANDARD = "gnu++14";
				CLANG_WARN_DOCUMENTATION_COMMENTS = YES;
				CLANG_WARN_UNGUARDED_AVAILABILITY = YES_AGGRESSIVE;
				CODE_SIGN_IDENTITY = "Mac Developer";
				CODE_SIGN_STYLE = Automatic;
				COMBINE_HIDPI_IMAGES = YES;
				DEBUG_INFORMATION_FORMAT = dwarf;
				DEVELOPMENT_TEAM = 26VT895967;
				GCC_C_LANGUAGE_STANDARD = gnu11;
				INFOPLIST_FILE = SongBarTests/Info.plist;
				LD_RUNPATH_SEARCH_PATHS = "$(inherited) @executable_path/../Frameworks @loader_path/../Frameworks";
				MACOSX_DEPLOYMENT_TARGET = 10.13;
				PRODUCT_BUNDLE_IDENTIFIER = com.oklasoft.SongBarTests;
				PRODUCT_NAME = "$(TARGET_NAME)";
				SWIFT_ACTIVE_COMPILATION_CONDITIONS = DEBUG;
				SWIFT_VERSION = 4.0;
				TEST_HOST = "$(BUILT_PRODUCTS_DIR)/SongBar.app/Contents/MacOS/SongBar";
			};
			name = Debug;
		};
		D02B82F31FA969D600DC368D /* Release */ = {
			isa = XCBuildConfiguration;
			buildSettings = {
				BUNDLE_LOADER = "$(TEST_HOST)";
				CLANG_ANALYZER_NONNULL = YES;
				CLANG_ANALYZER_NUMBER_OBJECT_CONVERSION = YES_AGGRESSIVE;
				CLANG_CXX_LANGUAGE_STANDARD = "gnu++14";
				CLANG_WARN_DOCUMENTATION_COMMENTS = YES;
				CLANG_WARN_UNGUARDED_AVAILABILITY = YES_AGGRESSIVE;
				CODE_SIGN_IDENTITY = "Mac Developer";
				CODE_SIGN_STYLE = Automatic;
				COMBINE_HIDPI_IMAGES = YES;
				COPY_PHASE_STRIP = NO;
				DEVELOPMENT_TEAM = 26VT895967;
				GCC_C_LANGUAGE_STANDARD = gnu11;
				INFOPLIST_FILE = SongBarTests/Info.plist;
				LD_RUNPATH_SEARCH_PATHS = "$(inherited) @executable_path/../Frameworks @loader_path/../Frameworks";
				MACOSX_DEPLOYMENT_TARGET = 10.13;
				PRODUCT_BUNDLE_IDENTIFIER = com.oklasoft.SongBarTests;
				PRODUCT_NAME = "$(TARGET_NAME)";
				SWIFT_VERSION = 4.0;
				TEST_HOST = "$(BUILT_PRODUCTS_DIR)/SongBar.app/Contents/MacOS/SongBar";
			};
			name = Release;
		};
/* End XCBuildConfiguration section */

/* Begin XCConfigurationList section */
		36491D2B19F6F3330083A49D /* Build configuration list for PBXProject "SongBar" */ = {
			isa = XCConfigurationList;
			buildConfigurations = (
				36491D4819F6F3330083A49D /* Debug */,
				36491D4919F6F3330083A49D /* Release */,
			);
			defaultConfigurationIsVisible = 0;
			defaultConfigurationName = Release;
		};
		36491D4A19F6F3330083A49D /* Build configuration list for PBXNativeTarget "SongBar" */ = {
			isa = XCConfigurationList;
			buildConfigurations = (
				36491D4B19F6F3330083A49D /* Debug */,
				36491D4C19F6F3330083A49D /* Release */,
			);
			defaultConfigurationIsVisible = 0;
			defaultConfigurationName = Release;
		};
		D02B82F11FA969D600DC368D /* Build configuration list for PBXNativeTarget "SongBarTests" */ = {
			isa = XCConfigurationList;
			buildConfigurations = (
				D02B82F21FA969D600DC368D /* Debug */,
				D02B82F31FA969D600DC368D /* Release */,
			);
			defaultConfigurationIsVisible = 0;
			defaultConfigurationName = Release;
		};
/* End XCConfigurationList section */
	};
	rootObject = 36491D2819F6F3330083A49D /* Project object */;
}
