// !$*UTF8*$!
{
	archiveVersion = 1;
	classes = {
	};
	objectVersion = 46;
	objects = {

/* Begin PBXBuildFile section */
		36070F9019F7695200E5B0CD /* ScriptingBridge.framework in Frameworks */ = {isa = PBXBuildFile; fileRef = 36070F8F19F7695200E5B0CD /* ScriptingBridge.framework */; };
		36491D3819F6F3330083A49D /* Images.xcassets in Resources */ = {isa = PBXBuildFile; fileRef = 36491D3719F6F3330083A49D /* Images.xcassets */; };
		36491D3B19F6F3330083A49D /* MainMenu.xib in Resources */ = {isa = PBXBuildFile; fileRef = 36491D3919F6F3330083A49D /* MainMenu.xib */; };
		36491D4719F6F3330083A49D /* SongBarTests.swift in Sources */ = {isa = PBXBuildFile; fileRef = 36491D4619F6F3330083A49D /* SongBarTests.swift */; };
		D06418D21B4B1301000F5FEF /* StoreSearch.swift in Sources */ = {isa = PBXBuildFile; fileRef = D06418D11B4B1301000F5FEF /* StoreSearch.swift */; };
		D0EBE4B81B3E64F7008132C8 /* AppDelegate.swift in Sources */ = {isa = PBXBuildFile; fileRef = D0EBE4B71B3E64F7008132C8 /* AppDelegate.swift */; };
		F29F537961C897A0E26089FB /* libPods-SongBar.a in Frameworks */ = {isa = PBXBuildFile; fileRef = 356FA4730F316ADE4EB76BB3 /* libPods-SongBar.a */; };
/* End PBXBuildFile section */

/* Begin PBXContainerItemProxy section */
		36491D4119F6F3330083A49D /* PBXContainerItemProxy */ = {
			isa = PBXContainerItemProxy;
			containerPortal = 36491D2819F6F3330083A49D /* Project object */;
			proxyType = 1;
			remoteGlobalIDString = 36491D2F19F6F3330083A49D;
			remoteInfo = SongBar;
		};
/* End PBXContainerItemProxy section */

/* Begin PBXFileReference section */
		210F423449B7CA439B0C0074 /* Pods-SongBar.debug.xcconfig */ = {isa = PBXFileReference; includeInIndex = 1; lastKnownFileType = text.xcconfig; name = "Pods-SongBar.debug.xcconfig"; path = "Pods/Target Support Files/Pods-SongBar/Pods-SongBar.debug.xcconfig"; sourceTree = "<group>"; };
		356FA4730F316ADE4EB76BB3 /* libPods-SongBar.a */ = {isa = PBXFileReference; explicitFileType = archive.ar; includeInIndex = 0; path = "libPods-SongBar.a"; sourceTree = BUILT_PRODUCTS_DIR; };
		36070F8F19F7695200E5B0CD /* ScriptingBridge.framework */ = {isa = PBXFileReference; lastKnownFileType = wrapper.framework; name = ScriptingBridge.framework; path = System/Library/Frameworks/ScriptingBridge.framework; sourceTree = SDKROOT; };
		36070F9219F775CA00E5B0CD /* iTunes.h */ = {isa = PBXFileReference; fileEncoding = 4; lastKnownFileType = sourcecode.c.h; path = iTunes.h; sourceTree = "<group>"; };
		36070F9319F7761200E5B0CD /* SongBar-Bridging-Header.h */ = {isa = PBXFileReference; fileEncoding = 4; lastKnownFileType = sourcecode.c.h; path = "SongBar-Bridging-Header.h"; sourceTree = "<group>"; };
		36491D3019F6F3330083A49D /* SongBar.app */ = {isa = PBXFileReference; explicitFileType = wrapper.application; includeInIndex = 0; path = SongBar.app; sourceTree = BUILT_PRODUCTS_DIR; };
		36491D3419F6F3330083A49D /* Info.plist */ = {isa = PBXFileReference; lastKnownFileType = text.plist.xml; path = Info.plist; sourceTree = "<group>"; };
		36491D3719F6F3330083A49D /* Images.xcassets */ = {isa = PBXFileReference; lastKnownFileType = folder.assetcatalog; path = Images.xcassets; sourceTree = "<group>"; };
		36491D3A19F6F3330083A49D /* Base */ = {isa = PBXFileReference; lastKnownFileType = file.xib; name = Base; path = Base.lproj/MainMenu.xib; sourceTree = "<group>"; };
		36491D4019F6F3330083A49D /* SongBarTests.xctest */ = {isa = PBXFileReference; explicitFileType = wrapper.cfbundle; includeInIndex = 0; path = SongBarTests.xctest; sourceTree = BUILT_PRODUCTS_DIR; };
		36491D4519F6F3330083A49D /* Info.plist */ = {isa = PBXFileReference; lastKnownFileType = text.plist.xml; path = Info.plist; sourceTree = "<group>"; };
		36491D4619F6F3330083A49D /* SongBarTests.swift */ = {isa = PBXFileReference; lastKnownFileType = sourcecode.swift; path = SongBarTests.swift; sourceTree = "<group>"; };
		9BB780C379EF147027F4CBC8 /* Pods-SongBar.release.xcconfig */ = {isa = PBXFileReference; includeInIndex = 1; lastKnownFileType = text.xcconfig; name = "Pods-SongBar.release.xcconfig"; path = "Pods/Target Support Files/Pods-SongBar/Pods-SongBar.release.xcconfig"; sourceTree = "<group>"; };
		D030C7021B34E0F3004D233D /* Spotify.h */ = {isa = PBXFileReference; lastKnownFileType = sourcecode.c.h; path = Spotify.h; sourceTree = "<group>"; };
		D06418D11B4B1301000F5FEF /* StoreSearch.swift */ = {isa = PBXFileReference; fileEncoding = 4; lastKnownFileType = sourcecode.swift; path = StoreSearch.swift; sourceTree = "<group>"; };
		D0EBE4B71B3E64F7008132C8 /* AppDelegate.swift */ = {isa = PBXFileReference; fileEncoding = 4; lastKnownFileType = sourcecode.swift; path = AppDelegate.swift; sourceTree = "<group>"; };
/* End PBXFileReference section */

/* Begin PBXFrameworksBuildPhase section */
		36491D2D19F6F3330083A49D /* Frameworks */ = {
			isa = PBXFrameworksBuildPhase;
			buildActionMask = 2147483647;
			files = (
				36070F9019F7695200E5B0CD /* ScriptingBridge.framework in Frameworks */,
				F29F537961C897A0E26089FB /* libPods-SongBar.a in Frameworks */,
			);
			runOnlyForDeploymentPostprocessing = 0;
		};
		36491D3D19F6F3330083A49D /* Frameworks */ = {
			isa = PBXFrameworksBuildPhase;
			buildActionMask = 2147483647;
			files = (
			);
			runOnlyForDeploymentPostprocessing = 0;
		};
/* End PBXFrameworksBuildPhase section */

/* Begin PBXGroup section */
		2CBEF851F4265637FCFD9C3D /* Pods */ = {
			isa = PBXGroup;
			children = (
				210F423449B7CA439B0C0074 /* Pods-SongBar.debug.xcconfig */,
				9BB780C379EF147027F4CBC8 /* Pods-SongBar.release.xcconfig */,
			);
			name = Pods;
			sourceTree = "<group>";
		};
		36491D2719F6F3330083A49D = {
			isa = PBXGroup;
			children = (
				36070F8F19F7695200E5B0CD /* ScriptingBridge.framework */,
				36491D3219F6F3330083A49D /* SongBar */,
				36491D4319F6F3330083A49D /* SongBarTests */,
				36491D3119F6F3330083A49D /* Products */,
				2CBEF851F4265637FCFD9C3D /* Pods */,
				E6B49CA74133F3CF05D6312F /* Frameworks */,
			);
			sourceTree = "<group>";
		};
		36491D3119F6F3330083A49D /* Products */ = {
			isa = PBXGroup;
			children = (
				36491D3019F6F3330083A49D /* SongBar.app */,
				36491D4019F6F3330083A49D /* SongBarTests.xctest */,
			);
			name = Products;
			sourceTree = "<group>";
		};
		36491D3219F6F3330083A49D /* SongBar */ = {
			isa = PBXGroup;
			children = (
				36070F9219F775CA00E5B0CD /* iTunes.h */,
				D030C7021B34E0F3004D233D /* Spotify.h */,
				36070F9319F7761200E5B0CD /* SongBar-Bridging-Header.h */,
				D06418D11B4B1301000F5FEF /* StoreSearch.swift */,
				D0EBE4B71B3E64F7008132C8 /* AppDelegate.swift */,
				36491D3719F6F3330083A49D /* Images.xcassets */,
				36491D3919F6F3330083A49D /* MainMenu.xib */,
				36491D3319F6F3330083A49D /* Supporting Files */,
			);
			path = SongBar;
			sourceTree = "<group>";
		};
		36491D3319F6F3330083A49D /* Supporting Files */ = {
			isa = PBXGroup;
			children = (
				36491D3419F6F3330083A49D /* Info.plist */,
			);
			name = "Supporting Files";
			sourceTree = "<group>";
		};
		36491D4319F6F3330083A49D /* SongBarTests */ = {
			isa = PBXGroup;
			children = (
				36491D4619F6F3330083A49D /* SongBarTests.swift */,
				36491D4419F6F3330083A49D /* Supporting Files */,
			);
			path = SongBarTests;
			sourceTree = "<group>";
		};
		36491D4419F6F3330083A49D /* Supporting Files */ = {
			isa = PBXGroup;
			children = (
				36491D4519F6F3330083A49D /* Info.plist */,
			);
			name = "Supporting Files";
			sourceTree = "<group>";
		};
		E6B49CA74133F3CF05D6312F /* Frameworks */ = {
			isa = PBXGroup;
			children = (
				356FA4730F316ADE4EB76BB3 /* libPods-SongBar.a */,
			);
			name = Frameworks;
			sourceTree = "<group>";
		};
/* End PBXGroup section */

/* Begin PBXNativeTarget section */
		36491D2F19F6F3330083A49D /* SongBar */ = {
			isa = PBXNativeTarget;
			buildConfigurationList = 36491D4A19F6F3330083A49D /* Build configuration list for PBXNativeTarget "SongBar" */;
			buildPhases = (
				E547439374D76D7B73E9693D /* Check Pods Manifest.lock */,
				36491D2C19F6F3330083A49D /* Sources */,
				36491D2D19F6F3330083A49D /* Frameworks */,
				36491D2E19F6F3330083A49D /* Resources */,
				33C5F9A59B2ADA1CD280FDFC /* Copy Pods Resources */,
				D0D7354D1B39A8B1003A0064 /* ShellScript */,
			);
			buildRules = (
			);
			dependencies = (
			);
			name = SongBar;
			productName = SongBar;
			productReference = 36491D3019F6F3330083A49D /* SongBar.app */;
			productType = "com.apple.product-type.application";
		};
		36491D3F19F6F3330083A49D /* SongBarTests */ = {
			isa = PBXNativeTarget;
			buildConfigurationList = 36491D4D19F6F3330083A49D /* Build configuration list for PBXNativeTarget "SongBarTests" */;
			buildPhases = (
				36491D3C19F6F3330083A49D /* Sources */,
				36491D3D19F6F3330083A49D /* Frameworks */,
				36491D3E19F6F3330083A49D /* Resources */,
			);
			buildRules = (
			);
			dependencies = (
				36491D4219F6F3330083A49D /* PBXTargetDependency */,
			);
			name = SongBarTests;
			productName = SongBarTests;
			productReference = 36491D4019F6F3330083A49D /* SongBarTests.xctest */;
			productType = "com.apple.product-type.bundle.unit-test";
		};
/* End PBXNativeTarget section */

/* Begin PBXProject section */
		36491D2819F6F3330083A49D /* Project object */ = {
			isa = PBXProject;
			attributes = {
				LastUpgradeCheck = 0610;
				ORGANIZATIONNAME = corpe;
				TargetAttributes = {
					36491D2F19F6F3330083A49D = {
						CreatedOnToolsVersion = 6.1;
						DevelopmentTeam = C2NSPAKWYK;
						SystemCapabilities = {
							com.apple.Sandbox = {
								enabled = 0;
							};
						};
					};
					36491D3F19F6F3330083A49D = {
						CreatedOnToolsVersion = 6.1;
						TestTargetID = 36491D2F19F6F3330083A49D;
					};
				};
			};
			buildConfigurationList = 36491D2B19F6F3330083A49D /* Build configuration list for PBXProject "SongBar" */;
			compatibilityVersion = "Xcode 3.2";
			developmentRegion = English;
			hasScannedForEncodings = 0;
			knownRegions = (
				en,
				Base,
			);
			mainGroup = 36491D2719F6F3330083A49D;
			productRefGroup = 36491D3119F6F3330083A49D /* Products */;
			projectDirPath = "";
			projectRoot = "";
			targets = (
				36491D2F19F6F3330083A49D /* SongBar */,
				36491D3F19F6F3330083A49D /* SongBarTests */,
			);
		};
/* End PBXProject section */

/* Begin PBXResourcesBuildPhase section */
		36491D2E19F6F3330083A49D /* Resources */ = {
			isa = PBXResourcesBuildPhase;
			buildActionMask = 2147483647;
			files = (
				36491D3819F6F3330083A49D /* Images.xcassets in Resources */,
				36491D3B19F6F3330083A49D /* MainMenu.xib in Resources */,
			);
			runOnlyForDeploymentPostprocessing = 0;
		};
		36491D3E19F6F3330083A49D /* Resources */ = {
			isa = PBXResourcesBuildPhase;
			buildActionMask = 2147483647;
			files = (
			);
			runOnlyForDeploymentPostprocessing = 0;
		};
/* End PBXResourcesBuildPhase section */

/* Begin PBXShellScriptBuildPhase section */
		33C5F9A59B2ADA1CD280FDFC /* Copy Pods Resources */ = {
			isa = PBXShellScriptBuildPhase;
			buildActionMask = 2147483647;
			files = (
			);
			inputPaths = (
			);
			name = "Copy Pods Resources";
			outputPaths = (
			);
			runOnlyForDeploymentPostprocessing = 0;
			shellPath = /bin/sh;
			shellScript = "\"${SRCROOT}/Pods/Target Support Files/Pods-SongBar/Pods-SongBar-resources.sh\"\n";
			showEnvVarsInLog = 0;
		};
		D0D7354D1B39A8B1003A0064 /* ShellScript */ = {
			isa = PBXShellScriptBuildPhase;
			buildActionMask = 2147483647;
			files = (
			);
			inputPaths = (
			);
			outputPaths = (
			);
			runOnlyForDeploymentPostprocessing = 0;
			shellPath = /bin/sh;
			shellScript = "LOCATION=\"${BUILT_PRODUCTS_DIR}\"/\"${FRAMEWORKS_FOLDER_PATH}\"\n\n# Usually set by Xcode\nCODE_SIGN_IDENTITY=\"Developer ID Application: Justin Oakes\"\n\ncodesign --verbose --force --sign \"$CODE_SIGN_IDENTITY\" \"$LOCATION/Sparkle.framework/Versions/A\"\n";
		};
		E547439374D76D7B73E9693D /* Check Pods Manifest.lock */ = {
			isa = PBXShellScriptBuildPhase;
			buildActionMask = 2147483647;
			files = (
			);
			inputPaths = (
			);
			name = "Check Pods Manifest.lock";
			outputPaths = (
			);
			runOnlyForDeploymentPostprocessing = 0;
			shellPath = /bin/sh;
			shellScript = "diff \"${PODS_ROOT}/../Podfile.lock\" \"${PODS_ROOT}/Manifest.lock\" > /dev/null\nif [[ $? != 0 ]] ; then\n    cat << EOM\nerror: The sandbox is not in sync with the Podfile.lock. Run 'pod install' or update your CocoaPods installation.\nEOM\n    exit 1\nfi\n";
			showEnvVarsInLog = 0;
		};
/* End PBXShellScriptBuildPhase section */

/* Begin PBXSourcesBuildPhase section */
		36491D2C19F6F3330083A49D /* Sources */ = {
			isa = PBXSourcesBuildPhase;
			buildActionMask = 2147483647;
			files = (
				D0EBE4B81B3E64F7008132C8 /* AppDelegate.swift in Sources */,
				D06418D21B4B1301000F5FEF /* StoreSearch.swift in Sources */,
			);
			runOnlyForDeploymentPostprocessing = 0;
		};
		36491D3C19F6F3330083A49D /* Sources */ = {
			isa = PBXSourcesBuildPhase;
			buildActionMask = 2147483647;
			files = (
				36491D4719F6F3330083A49D /* SongBarTests.swift in Sources */,
			);
			runOnlyForDeploymentPostprocessing = 0;
		};
/* End PBXSourcesBuildPhase section */

/* Begin PBXTargetDependency section */
		36491D4219F6F3330083A49D /* PBXTargetDependency */ = {
			isa = PBXTargetDependency;
			target = 36491D2F19F6F3330083A49D /* SongBar */;
			targetProxy = 36491D4119F6F3330083A49D /* PBXContainerItemProxy */;
		};
/* End PBXTargetDependency section */

/* Begin PBXVariantGroup section */
		36491D3919F6F3330083A49D /* MainMenu.xib */ = {
			isa = PBXVariantGroup;
			children = (
				36491D3A19F6F3330083A49D /* Base */,
			);
			name = MainMenu.xib;
			sourceTree = "<group>";
		};
/* End PBXVariantGroup section */

/* Begin XCBuildConfiguration section */
		36491D4819F6F3330083A49D /* Debug */ = {
			isa = XCBuildConfiguration;
			buildSettings = {
				ALWAYS_SEARCH_USER_PATHS = NO;
				CLANG_CXX_LANGUAGE_STANDARD = "gnu++0x";
				CLANG_CXX_LIBRARY = "libc++";
				CLANG_ENABLE_MODULES = YES;
				CLANG_ENABLE_OBJC_ARC = YES;
				CLANG_WARN_BOOL_CONVERSION = YES;
				CLANG_WARN_CONSTANT_CONVERSION = YES;
				CLANG_WARN_DIRECT_OBJC_ISA_USAGE = YES_ERROR;
				CLANG_WARN_EMPTY_BODY = YES;
				CLANG_WARN_ENUM_CONVERSION = YES;
				CLANG_WARN_INT_CONVERSION = YES;
				CLANG_WARN_OBJC_ROOT_CLASS = YES_ERROR;
				CLANG_WARN_UNREACHABLE_CODE = YES;
				CLANG_WARN__DUPLICATE_METHOD_MATCH = YES;
				CODE_SIGN_IDENTITY = "-";
				COPY_PHASE_STRIP = NO;
				ENABLE_STRICT_OBJC_MSGSEND = YES;
				GCC_C_LANGUAGE_STANDARD = gnu99;
				GCC_DYNAMIC_NO_PIC = NO;
				GCC_OPTIMIZATION_LEVEL = 0;
				GCC_PREPROCESSOR_DEFINITIONS = (
					"DEBUG=1",
					"$(inherited)",
				);
				GCC_SYMBOLS_PRIVATE_EXTERN = NO;
				GCC_WARN_64_TO_32_BIT_CONVERSION = YES;
				GCC_WARN_ABOUT_RETURN_TYPE = YES_ERROR;
				GCC_WARN_UNDECLARED_SELECTOR = YES;
				GCC_WARN_UNINITIALIZED_AUTOS = YES_AGGRESSIVE;
				GCC_WARN_UNUSED_FUNCTION = YES;
				GCC_WARN_UNUSED_VARIABLE = YES;
				MACOSX_DEPLOYMENT_TARGET = 10.10;
				MTL_ENABLE_DEBUG_INFO = YES;
				ONLY_ACTIVE_ARCH = YES;
				SDKROOT = macosx;
				SWIFT_OPTIMIZATION_LEVEL = "-Onone";
			};
			name = Debug;
		};
		36491D4919F6F3330083A49D /* Release */ = {
			isa = XCBuildConfiguration;
			buildSettings = {
				ALWAYS_SEARCH_USER_PATHS = NO;
				CLANG_CXX_LANGUAGE_STANDARD = "gnu++0x";
				CLANG_CXX_LIBRARY = "libc++";
				CLANG_ENABLE_MODULES = YES;
				CLANG_ENABLE_OBJC_ARC = YES;
				CLANG_WARN_BOOL_CONVERSION = YES;
				CLANG_WARN_CONSTANT_CONVERSION = YES;
				CLANG_WARN_DIRECT_OBJC_ISA_USAGE = YES_ERROR;
				CLANG_WARN_EMPTY_BODY = YES;
				CLANG_WARN_ENUM_CONVERSION = YES;
				CLANG_WARN_INT_CONVERSION = YES;
				CLANG_WARN_OBJC_ROOT_CLASS = YES_ERROR;
				CLANG_WARN_UNREACHABLE_CODE = YES;
				CLANG_WARN__DUPLICATE_METHOD_MATCH = YES;
				CODE_SIGN_IDENTITY = "-";
				COPY_PHASE_STRIP = YES;
				DEBUG_INFORMATION_FORMAT = "dwarf-with-dsym";
				ENABLE_NS_ASSERTIONS = NO;
				ENABLE_STRICT_OBJC_MSGSEND = YES;
				GCC_C_LANGUAGE_STANDARD = gnu99;
				GCC_WARN_64_TO_32_BIT_CONVERSION = YES;
				GCC_WARN_ABOUT_RETURN_TYPE = YES_ERROR;
				GCC_WARN_UNDECLARED_SELECTOR = YES;
				GCC_WARN_UNINITIALIZED_AUTOS = YES_AGGRESSIVE;
				GCC_WARN_UNUSED_FUNCTION = YES;
				GCC_WARN_UNUSED_VARIABLE = YES;
				MACOSX_DEPLOYMENT_TARGET = 10.10;
				MTL_ENABLE_DEBUG_INFO = NO;
				SDKROOT = macosx;
			};
			name = Release;
		};
		36491D4B19F6F3330083A49D /* Debug */ = {
			isa = XCBuildConfiguration;
			baseConfigurationReference = 210F423449B7CA439B0C0074 /* Pods-SongBar.debug.xcconfig */;
			buildSettings = {
				ASSETCATALOG_COMPILER_APPICON_NAME = AppIcon;
				CODE_SIGN_IDENTITY = "Developer ID Application";
				COMBINE_HIDPI_IMAGES = YES;
				DEFINES_MODULE = NO;
				INFOPLIST_FILE = SongBar/Info.plist;
				LD_RUNPATH_SEARCH_PATHS = "$(inherited) @executable_path/../Frameworks";
				PRODUCT_NAME = "$(TARGET_NAME)";
				SWIFT_OBJC_BRIDGING_HEADER = "SongBar/SongBar-Bridging-Header.h";
			};
			name = Debug;
		};
		36491D4C19F6F3330083A49D /* Release */ = {
			isa = XCBuildConfiguration;
			baseConfigurationReference = 9BB780C379EF147027F4CBC8 /* Pods-SongBar.release.xcconfig */;
			buildSettings = {
				ASSETCATALOG_COMPILER_APPICON_NAME = AppIcon;
				CODE_SIGN_IDENTITY = "Developer ID Application";
				COMBINE_HIDPI_IMAGES = YES;
				DEFINES_MODULE = NO;
				INFOPLIST_FILE = SongBar/Info.plist;
				LD_RUNPATH_SEARCH_PATHS = "$(inherited) @executable_path/../Frameworks";
				PRODUCT_NAME = "$(TARGET_NAME)";
				SWIFT_OBJC_BRIDGING_HEADER = "SongBar/SongBar-Bridging-Header.h";
			};
			name = Release;
		};
		36491D4E19F6F3330083A49D /* Debug */ = {
			isa = XCBuildConfiguration;
			buildSettings = {
				BUNDLE_LOADER = "$(TEST_HOST)";
				COMBINE_HIDPI_IMAGES = YES;
				FRAMEWORK_SEARCH_PATHS = (
					"$(DEVELOPER_FRAMEWORKS_DIR)",
					"$(inherited)",
				);
				GCC_PREPROCESSOR_DEFINITIONS = (
					"DEBUG=1",
					"$(inherited)",
				);
				INFOPLIST_FILE = SongBarTests/Info.plist;
				LD_RUNPATH_SEARCH_PATHS = "$(inherited) @executable_path/../Frameworks @loader_path/../Frameworks";
				PRODUCT_NAME = "$(TARGET_NAME)";
				TEST_HOST = "$(BUILT_PRODUCTS_DIR)/SongBar.app/Contents/MacOS/SongBar";
			};
			name = Debug;
		};
		36491D4F19F6F3330083A49D /* Release */ = {
			isa = XCBuildConfiguration;
			buildSettings = {
				BUNDLE_LOADER = "$(TEST_HOST)";
				COMBINE_HIDPI_IMAGES = YES;
				FRAMEWORK_SEARCH_PATHS = (
					"$(DEVELOPER_FRAMEWORKS_DIR)",
					"$(inherited)",
				);
				INFOPLIST_FILE = SongBarTests/Info.plist;
				LD_RUNPATH_SEARCH_PATHS = "$(inherited) @executable_path/../Frameworks @loader_path/../Frameworks";
				PRODUCT_NAME = "$(TARGET_NAME)";
				TEST_HOST = "$(BUILT_PRODUCTS_DIR)/SongBar.app/Contents/MacOS/SongBar";
			};
			name = Release;
		};
/* End XCBuildConfiguration section */

/* Begin XCConfigurationList section */
		36491D2B19F6F3330083A49D /* Build configuration list for PBXProject "SongBar" */ = {
			isa = XCConfigurationList;
			buildConfigurations = (
				36491D4819F6F3330083A49D /* Debug */,
				36491D4919F6F3330083A49D /* Release */,
			);
			defaultConfigurationIsVisible = 0;
			defaultConfigurationName = Release;
		};
		36491D4A19F6F3330083A49D /* Build configuration list for PBXNativeTarget "SongBar" */ = {
			isa = XCConfigurationList;
			buildConfigurations = (
				36491D4B19F6F3330083A49D /* Debug */,
				36491D4C19F6F3330083A49D /* Release */,
			);
			defaultConfigurationIsVisible = 0;
			defaultConfigurationName = Release;
		};
		36491D4D19F6F3330083A49D /* Build configuration list for PBXNativeTarget "SongBarTests" */ = {
			isa = XCConfigurationList;
			buildConfigurations = (
				36491D4E19F6F3330083A49D /* Debug */,
				36491D4F19F6F3330083A49D /* Release */,
			);
			defaultConfigurationIsVisible = 0;
			defaultConfigurationName = Release;
		};
/* End XCConfigurationList section */
	};
	rootObject = 36491D2819F6F3330083A49D /* Project object */;
}
